github.com/essentialkaos/check v1.4.0 h1:kWdFxu9odCxUqo1NNFNJmguGrDHgwi3A8daXX1nkuKk=
github.com/essentialkaos/depsy v1.1.0 h1:U6dp687UkQwXlZU17Hg2KMxbp3nfZAoZ8duaeUFYvJI=
github.com/essentialkaos/depsy v1.1.0/go.mod h1:kpiTAV17dyByVnrbNaMcZt2jRwvuXClUYOzpyJQwtG8=
github.com/essentialkaos/ek/v12 v12.114.0 h1:E5j04Ic1qHbZnlc8PzoK6BWYaNfuQB2//g/fXy/aglQ=
github.com/essentialkaos/ek/v12 v12.114.0/go.mod h1:SslW97Se34YQKc08Ume2V/8h/HPTgLS1+Iok64cNF/U=
github.com/essentialkaos/sslscan/v14 v14.0.0 h1:b5Mob+7Dl7JsaZ/3Bl2cba9cyPwdtdCd+fWv/9JCE5k=
github.com/essentialkaos/sslscan/v14 v14.0.0/go.mod h1:pAaJOxGKRrxmVHnTbtOS7ks+yTSF86mzS7OojcUbJPE=
github.com/kr/pretty v0.3.1 h1:flRD4NNwYAUpkphVc1HcthR4KEIFJ65n8Mw5qdRn3LE=
github.com/kr/text v0.2.0 h1:5Nx0Ya0ZqY2ygV366QzturHI13Jq95ApcVaJBhpS+AY=
github.com/rogpeppe/go-internal v1.11.0 h1:cWPaGQEPrBb5/AsnsZesgZZ9yb1OQ+GOISoDNXVBh4M=
golang.org/x/sys v0.18.0 h1:DBdB3niSjOA/O0blCZBqDefyWNYveAYMNF1Wum0DYQ4=
golang.org/x/sys v0.18.0/go.mod h1:/VUhepiaJMQUp4+oa/7Zr1D23ma6VTLIYjOOTFZPUcA=
